// !$*UTF8*$!
{
	archiveVersion = 1;
	classes = {
	};
	objectVersion = 50;
	objects = {

/* Begin PBXBuildFile section */
		186E5EF62716F25B00CF2229 /* AppDelegate.swift in Sources */ = {isa = PBXBuildFile; fileRef = 186E5EF52716F25B00CF2229 /* AppDelegate.swift */; };
		186E5EF82716F25B00CF2229 /* SceneDelegate.swift in Sources */ = {isa = PBXBuildFile; fileRef = 186E5EF72716F25B00CF2229 /* SceneDelegate.swift */; };
		186E5EFA2716F25B00CF2229 /* ViewController.swift in Sources */ = {isa = PBXBuildFile; fileRef = 186E5EF92716F25B00CF2229 /* ViewController.swift */; };
		186E5EFD2716F25B00CF2229 /* Main.storyboard in Resources */ = {isa = PBXBuildFile; fileRef = 186E5EFB2716F25B00CF2229 /* Main.storyboard */; };
		186E5EFF2716F25E00CF2229 /* Assets.xcassets in Resources */ = {isa = PBXBuildFile; fileRef = 186E5EFE2716F25E00CF2229 /* Assets.xcassets */; };
		186E5F022716F25E00CF2229 /* LaunchScreen.storyboard in Resources */ = {isa = PBXBuildFile; fileRef = 186E5F002716F25E00CF2229 /* LaunchScreen.storyboard */; };
		186E5F0D2716F25E00CF2229 /* CustomAlertViewTests.swift in Sources */ = {isa = PBXBuildFile; fileRef = 186E5F0C2716F25E00CF2229 /* CustomAlertViewTests.swift */; };
		186E5F182716F25E00CF2229 /* CustomAlertViewUITests.swift in Sources */ = {isa = PBXBuildFile; fileRef = 186E5F172716F25E00CF2229 /* CustomAlertViewUITests.swift */; };
		186E5F292716F45D00CF2229 /* AlertView.xib in Resources */ = {isa = PBXBuildFile; fileRef = 186E5F282716F45D00CF2229 /* AlertView.xib */; };
		186E5F2E2716F72700CF2229 /* AlertView.swift in Sources */ = {isa = PBXBuildFile; fileRef = 186E5F2D2716F72700CF2229 /* AlertView.swift */; };
/* End PBXBuildFile section */

/* Begin PBXContainerItemProxy section */
		186E5F092716F25E00CF2229 /* PBXContainerItemProxy */ = {
			isa = PBXContainerItemProxy;
			containerPortal = 186E5EEA2716F25B00CF2229 /* Project object */;
			proxyType = 1;
			remoteGlobalIDString = 186E5EF12716F25B00CF2229;
			remoteInfo = CustomAlertView;
		};
		186E5F142716F25E00CF2229 /* PBXContainerItemProxy */ = {
			isa = PBXContainerItemProxy;
			containerPortal = 186E5EEA2716F25B00CF2229 /* Project object */;
			proxyType = 1;
			remoteGlobalIDString = 186E5EF12716F25B00CF2229;
			remoteInfo = CustomAlertView;
		};
/* End PBXContainerItemProxy section */

/* Begin PBXFileReference section */
		186E5EF22716F25B00CF2229 /* CustomAlertView.app */ = {isa = PBXFileReference; explicitFileType = wrapper.application; includeInIndex = 0; path = CustomAlertView.app; sourceTree = BUILT_PRODUCTS_DIR; };
		186E5EF52716F25B00CF2229 /* AppDelegate.swift */ = {isa = PBXFileReference; lastKnownFileType = sourcecode.swift; path = AppDelegate.swift; sourceTree = "<group>"; };
		186E5EF72716F25B00CF2229 /* SceneDelegate.swift */ = {isa = PBXFileReference; lastKnownFileType = sourcecode.swift; path = SceneDelegate.swift; sourceTree = "<group>"; };
		186E5EF92716F25B00CF2229 /* ViewController.swift */ = {isa = PBXFileReference; lastKnownFileType = sourcecode.swift; path = ViewController.swift; sourceTree = "<group>"; };
		186E5EFC2716F25B00CF2229 /* Base */ = {isa = PBXFileReference; lastKnownFileType = file.storyboard; name = Base; path = Base.lproj/Main.storyboard; sourceTree = "<group>"; };
		186E5EFE2716F25E00CF2229 /* Assets.xcassets */ = {isa = PBXFileReference; lastKnownFileType = folder.assetcatalog; path = Assets.xcassets; sourceTree = "<group>"; };
		186E5F012716F25E00CF2229 /* Base */ = {isa = PBXFileReference; lastKnownFileType = file.storyboard; name = Base; path = Base.lproj/LaunchScreen.storyboard; sourceTree = "<group>"; };
		186E5F032716F25E00CF2229 /* Info.plist */ = {isa = PBXFileReference; lastKnownFileType = text.plist.xml; path = Info.plist; sourceTree = "<group>"; };
		186E5F082716F25E00CF2229 /* CustomAlertViewTests.xctest */ = {isa = PBXFileReference; explicitFileType = wrapper.cfbundle; includeInIndex = 0; path = CustomAlertViewTests.xctest; sourceTree = BUILT_PRODUCTS_DIR; };
		186E5F0C2716F25E00CF2229 /* CustomAlertViewTests.swift */ = {isa = PBXFileReference; lastKnownFileType = sourcecode.swift; path = CustomAlertViewTests.swift; sourceTree = "<group>"; };
		186E5F0E2716F25E00CF2229 /* Info.plist */ = {isa = PBXFileReference; lastKnownFileType = text.plist.xml; path = Info.plist; sourceTree = "<group>"; };
		186E5F132716F25E00CF2229 /* CustomAlertViewUITests.xctest */ = {isa = PBXFileReference; explicitFileType = wrapper.cfbundle; includeInIndex = 0; path = CustomAlertViewUITests.xctest; sourceTree = BUILT_PRODUCTS_DIR; };
		186E5F172716F25E00CF2229 /* CustomAlertViewUITests.swift */ = {isa = PBXFileReference; lastKnownFileType = sourcecode.swift; path = CustomAlertViewUITests.swift; sourceTree = "<group>"; };
		186E5F192716F25E00CF2229 /* Info.plist */ = {isa = PBXFileReference; lastKnownFileType = text.plist.xml; path = Info.plist; sourceTree = "<group>"; };
		186E5F282716F45D00CF2229 /* AlertView.xib */ = {isa = PBXFileReference; lastKnownFileType = file.xib; path = AlertView.xib; sourceTree = "<group>"; };
		186E5F2D2716F72700CF2229 /* AlertView.swift */ = {isa = PBXFileReference; lastKnownFileType = sourcecode.swift; path = AlertView.swift; sourceTree = "<group>"; };
/* End PBXFileReference section */

/* Begin PBXFrameworksBuildPhase section */
		186E5EEF2716F25B00CF2229 /* Frameworks */ = {
			isa = PBXFrameworksBuildPhase;
			buildActionMask = 2147483647;
			files = (
			);
			runOnlyForDeploymentPostprocessing = 0;
		};
		186E5F052716F25E00CF2229 /* Frameworks */ = {
			isa = PBXFrameworksBuildPhase;
			buildActionMask = 2147483647;
			files = (
			);
			runOnlyForDeploymentPostprocessing = 0;
		};
		186E5F102716F25E00CF2229 /* Frameworks */ = {
			isa = PBXFrameworksBuildPhase;
			buildActionMask = 2147483647;
			files = (
			);
			runOnlyForDeploymentPostprocessing = 0;
		};
/* End PBXFrameworksBuildPhase section */

/* Begin PBXGroup section */
		186E5EE92716F25B00CF2229 = {
			isa = PBXGroup;
			children = (
				186E5EF42716F25B00CF2229 /* CustomAlertView */,
				186E5F0B2716F25E00CF2229 /* CustomAlertViewTests */,
				186E5F162716F25E00CF2229 /* CustomAlertViewUITests */,
				186E5EF32716F25B00CF2229 /* Products */,
			);
			sourceTree = "<group>";
		};
		186E5EF32716F25B00CF2229 /* Products */ = {
			isa = PBXGroup;
			children = (
				186E5EF22716F25B00CF2229 /* CustomAlertView.app */,
				186E5F082716F25E00CF2229 /* CustomAlertViewTests.xctest */,
				186E5F132716F25E00CF2229 /* CustomAlertViewUITests.xctest */,
			);
			name = Products;
			sourceTree = "<group>";
		};
		186E5EF42716F25B00CF2229 /* CustomAlertView */ = {
			isa = PBXGroup;
			children = (
				186E5EF52716F25B00CF2229 /* AppDelegate.swift */,
				186E5EF72716F25B00CF2229 /* SceneDelegate.swift */,
				186E5EF92716F25B00CF2229 /* ViewController.swift */,
				186E5EFB2716F25B00CF2229 /* Main.storyboard */,
				186E5EFE2716F25E00CF2229 /* Assets.xcassets */,
				186E5F002716F25E00CF2229 /* LaunchScreen.storyboard */,
				186E5F032716F25E00CF2229 /* Info.plist */,
				186E5F282716F45D00CF2229 /* AlertView.xib */,
				186E5F2D2716F72700CF2229 /* AlertView.swift */,
			);
			path = CustomAlertView;
			sourceTree = "<group>";
		};
		186E5F0B2716F25E00CF2229 /* CustomAlertViewTests */ = {
			isa = PBXGroup;
			children = (
				186E5F0C2716F25E00CF2229 /* CustomAlertViewTests.swift */,
				186E5F0E2716F25E00CF2229 /* Info.plist */,
			);
			path = CustomAlertViewTests;
			sourceTree = "<group>";
		};
		186E5F162716F25E00CF2229 /* CustomAlertViewUITests */ = {
			isa = PBXGroup;
			children = (
				186E5F172716F25E00CF2229 /* CustomAlertViewUITests.swift */,
				186E5F192716F25E00CF2229 /* Info.plist */,
			);
			path = CustomAlertViewUITests;
			sourceTree = "<group>";
		};
/* End PBXGroup section */

/* Begin PBXNativeTarget section */
		186E5EF12716F25B00CF2229 /* CustomAlertView */ = {
			isa = PBXNativeTarget;
			buildConfigurationList = 186E5F1C2716F25E00CF2229 /* Build configuration list for PBXNativeTarget "CustomAlertView" */;
			buildPhases = (
				186E5EEE2716F25B00CF2229 /* Sources */,
				186E5EEF2716F25B00CF2229 /* Frameworks */,
				186E5EF02716F25B00CF2229 /* Resources */,
			);
			buildRules = (
			);
			dependencies = (
			);
			name = CustomAlertView;
			productName = CustomAlertView;
			productReference = 186E5EF22716F25B00CF2229 /* CustomAlertView.app */;
			productType = "com.apple.product-type.application";
		};
		186E5F072716F25E00CF2229 /* CustomAlertViewTests */ = {
			isa = PBXNativeTarget;
			buildConfigurationList = 186E5F1F2716F25E00CF2229 /* Build configuration list for PBXNativeTarget "CustomAlertViewTests" */;
			buildPhases = (
				186E5F042716F25E00CF2229 /* Sources */,
				186E5F052716F25E00CF2229 /* Frameworks */,
				186E5F062716F25E00CF2229 /* Resources */,
			);
			buildRules = (
			);
			dependencies = (
				186E5F0A2716F25E00CF2229 /* PBXTargetDependency */,
			);
			name = CustomAlertViewTests;
			productName = CustomAlertViewTests;
			productReference = 186E5F082716F25E00CF2229 /* CustomAlertViewTests.xctest */;
			productType = "com.apple.product-type.bundle.unit-test";
		};
		186E5F122716F25E00CF2229 /* CustomAlertViewUITests */ = {
			isa = PBXNativeTarget;
			buildConfigurationList = 186E5F222716F25E00CF2229 /* Build configuration list for PBXNativeTarget "CustomAlertViewUITests" */;
			buildPhases = (
				186E5F0F2716F25E00CF2229 /* Sources */,
				186E5F102716F25E00CF2229 /* Frameworks */,
				186E5F112716F25E00CF2229 /* Resources */,
			);
			buildRules = (
			);
			dependencies = (
				186E5F152716F25E00CF2229 /* PBXTargetDependency */,
			);
			name = CustomAlertViewUITests;
			productName = CustomAlertViewUITests;
			productReference = 186E5F132716F25E00CF2229 /* CustomAlertViewUITests.xctest */;
			productType = "com.apple.product-type.bundle.ui-testing";
		};
/* End PBXNativeTarget section */

/* Begin PBXProject section */
		186E5EEA2716F25B00CF2229 /* Project object */ = {
			isa = PBXProject;
			attributes = {
				LastSwiftUpdateCheck = 1240;
				LastUpgradeCheck = 1240;
				TargetAttributes = {
					186E5EF12716F25B00CF2229 = {
						CreatedOnToolsVersion = 12.4;
					};
					186E5F072716F25E00CF2229 = {
						CreatedOnToolsVersion = 12.4;
						TestTargetID = 186E5EF12716F25B00CF2229;
					};
					186E5F122716F25E00CF2229 = {
						CreatedOnToolsVersion = 12.4;
						TestTargetID = 186E5EF12716F25B00CF2229;
					};
				};
			};
			buildConfigurationList = 186E5EED2716F25B00CF2229 /* Build configuration list for PBXProject "CustomAlertView" */;
			compatibilityVersion = "Xcode 9.3";
			developmentRegion = en;
			hasScannedForEncodings = 0;
			knownRegions = (
				en,
				Base,
			);
			mainGroup = 186E5EE92716F25B00CF2229;
			productRefGroup = 186E5EF32716F25B00CF2229 /* Products */;
			projectDirPath = "";
			projectRoot = "";
			targets = (
				186E5EF12716F25B00CF2229 /* CustomAlertView */,
				186E5F072716F25E00CF2229 /* CustomAlertViewTests */,
				186E5F122716F25E00CF2229 /* CustomAlertViewUITests */,
			);
		};
/* End PBXProject section */

/* Begin PBXResourcesBuildPhase section */
		186E5EF02716F25B00CF2229 /* Resources */ = {
			isa = PBXResourcesBuildPhase;
			buildActionMask = 2147483647;
			files = (
				186E5F022716F25E00CF2229 /* LaunchScreen.storyboard in Resources */,
				186E5F292716F45D00CF2229 /* AlertView.xib in Resources */,
				186E5EFF2716F25E00CF2229 /* Assets.xcassets in Resources */,
				186E5EFD2716F25B00CF2229 /* Main.storyboard in Resources */,
			);
			runOnlyForDeploymentPostprocessing = 0;
		};
		186E5F062716F25E00CF2229 /* Resources */ = {
			isa = PBXResourcesBuildPhase;
			buildActionMask = 2147483647;
			files = (
			);
			runOnlyForDeploymentPostprocessing = 0;
		};
		186E5F112716F25E00CF2229 /* Resources */ = {
			isa = PBXResourcesBuildPhase;
			buildActionMask = 2147483647;
			files = (
			);
			runOnlyForDeploymentPostprocessing = 0;
		};
/* End PBXResourcesBuildPhase section */

/* Begin PBXSourcesBuildPhase section */
		186E5EEE2716F25B00CF2229 /* Sources */ = {
			isa = PBXSourcesBuildPhase;
			buildActionMask = 2147483647;
			files = (
				186E5EFA2716F25B00CF2229 /* ViewController.swift in Sources */,
				186E5F2E2716F72700CF2229 /* AlertView.swift in Sources */,
				186E5EF62716F25B00CF2229 /* AppDelegate.swift in Sources */,
				186E5EF82716F25B00CF2229 /* SceneDelegate.swift in Sources */,
			);
			runOnlyForDeploymentPostprocessing = 0;
		};
		186E5F042716F25E00CF2229 /* Sources */ = {
			isa = PBXSourcesBuildPhase;
			buildActionMask = 2147483647;
			files = (
				186E5F0D2716F25E00CF2229 /* CustomAlertViewTests.swift in Sources */,
			);
			runOnlyForDeploymentPostprocessing = 0;
		};
		186E5F0F2716F25E00CF2229 /* Sources */ = {
			isa = PBXSourcesBuildPhase;
			buildActionMask = 2147483647;
			files = (
				186E5F182716F25E00CF2229 /* CustomAlertViewUITests.swift in Sources */,
			);
			runOnlyForDeploymentPostprocessing = 0;
		};
/* End PBXSourcesBuildPhase section */

/* Begin PBXTargetDependency section */
		186E5F0A2716F25E00CF2229 /* PBXTargetDependency */ = {
			isa = PBXTargetDependency;
			target = 186E5EF12716F25B00CF2229 /* CustomAlertView */;
			targetProxy = 186E5F092716F25E00CF2229 /* PBXContainerItemProxy */;
		};
		186E5F152716F25E00CF2229 /* PBXTargetDependency */ = {
			isa = PBXTargetDependency;
			target = 186E5EF12716F25B00CF2229 /* CustomAlertView */;
			targetProxy = 186E5F142716F25E00CF2229 /* PBXContainerItemProxy */;
		};
/* End PBXTargetDependency section */

/* Begin PBXVariantGroup section */
		186E5EFB2716F25B00CF2229 /* Main.storyboard */ = {
			isa = PBXVariantGroup;
			children = (
				186E5EFC2716F25B00CF2229 /* Base */,
			);
			name = Main.storyboard;
			sourceTree = "<group>";
		};
		186E5F002716F25E00CF2229 /* LaunchScreen.storyboard */ = {
			isa = PBXVariantGroup;
			children = (
				186E5F012716F25E00CF2229 /* Base */,
			);
			name = LaunchScreen.storyboard;
			sourceTree = "<group>";
		};
/* End PBXVariantGroup section */

/* Begin XCBuildConfiguration section */
		186E5F1A2716F25E00CF2229 /* Debug */ = {
			isa = XCBuildConfiguration;
			buildSettings = {
				ALWAYS_SEARCH_USER_PATHS = NO;
				CLANG_ANALYZER_NONNULL = YES;
				CLANG_ANALYZER_NUMBER_OBJECT_CONVERSION = YES_AGGRESSIVE;
				CLANG_CXX_LANGUAGE_STANDARD = "gnu++14";
				CLANG_CXX_LIBRARY = "libc++";
				CLANG_ENABLE_MODULES = YES;
				CLANG_ENABLE_OBJC_ARC = YES;
				CLANG_ENABLE_OBJC_WEAK = YES;
				CLANG_WARN_BLOCK_CAPTURE_AUTORELEASING = YES;
				CLANG_WARN_BOOL_CONVERSION = YES;
				CLANG_WARN_COMMA = YES;
				CLANG_WARN_CONSTANT_CONVERSION = YES;
				CLANG_WARN_DEPRECATED_OBJC_IMPLEMENTATIONS = YES;
				CLANG_WARN_DIRECT_OBJC_ISA_USAGE = YES_ERROR;
				CLANG_WARN_DOCUMENTATION_COMMENTS = YES;
				CLANG_WARN_EMPTY_BODY = YES;
				CLANG_WARN_ENUM_CONVERSION = YES;
				CLANG_WARN_INFINITE_RECURSION = YES;
				CLANG_WARN_INT_CONVERSION = YES;
				CLANG_WARN_NON_LITERAL_NULL_CONVERSION = YES;
				CLANG_WARN_OBJC_IMPLICIT_RETAIN_SELF = YES;
				CLANG_WARN_OBJC_LITERAL_CONVERSION = YES;
				CLANG_WARN_OBJC_ROOT_CLASS = YES_ERROR;
				CLANG_WARN_QUOTED_INCLUDE_IN_FRAMEWORK_HEADER = YES;
				CLANG_WARN_RANGE_LOOP_ANALYSIS = YES;
				CLANG_WARN_STRICT_PROTOTYPES = YES;
				CLANG_WARN_SUSPICIOUS_MOVE = YES;
				CLANG_WARN_UNGUARDED_AVAILABILITY = YES_AGGRESSIVE;
				CLANG_WARN_UNREACHABLE_CODE = YES;
				CLANG_WARN__DUPLICATE_METHOD_MATCH = YES;
				COPY_PHASE_STRIP = NO;
				DEBUG_INFORMATION_FORMAT = dwarf;
				ENABLE_STRICT_OBJC_MSGSEND = YES;
				ENABLE_TESTABILITY = YES;
				GCC_C_LANGUAGE_STANDARD = gnu11;
				GCC_DYNAMIC_NO_PIC = NO;
				GCC_NO_COMMON_BLOCKS = YES;
				GCC_OPTIMIZATION_LEVEL = 0;
				GCC_PREPROCESSOR_DEFINITIONS = (
					"DEBUG=1",
					"$(inherited)",
				);
				GCC_WARN_64_TO_32_BIT_CONVERSION = YES;
				GCC_WARN_ABOUT_RETURN_TYPE = YES_ERROR;
				GCC_WARN_UNDECLARED_SELECTOR = YES;
				GCC_WARN_UNINITIALIZED_AUTOS = YES_AGGRESSIVE;
				GCC_WARN_UNUSED_FUNCTION = YES;
				GCC_WARN_UNUSED_VARIABLE = YES;
				IPHONEOS_DEPLOYMENT_TARGET = 14.4;
				MTL_ENABLE_DEBUG_INFO = INCLUDE_SOURCE;
				MTL_FAST_MATH = YES;
				ONLY_ACTIVE_ARCH = YES;
				SDKROOT = iphoneos;
				SWIFT_ACTIVE_COMPILATION_CONDITIONS = DEBUG;
				SWIFT_OPTIMIZATION_LEVEL = "-Onone";
			};
			name = Debug;
		};
		186E5F1B2716F25E00CF2229 /* Release */ = {
			isa = XCBuildConfiguration;
			buildSettings = {
				ALWAYS_SEARCH_USER_PATHS = NO;
				CLANG_ANALYZER_NONNULL = YES;
				CLANG_ANALYZER_NUMBER_OBJECT_CONVERSION = YES_AGGRESSIVE;
				CLANG_CXX_LANGUAGE_STANDARD = "gnu++14";
				CLANG_CXX_LIBRARY = "libc++";
				CLANG_ENABLE_MODULES = YES;
				CLANG_ENABLE_OBJC_ARC = YES;
				CLANG_ENABLE_OBJC_WEAK = YES;
				CLANG_WARN_BLOCK_CAPTURE_AUTORELEASING = YES;
				CLANG_WARN_BOOL_CONVERSION = YES;
				CLANG_WARN_COMMA = YES;
				CLANG_WARN_CONSTANT_CONVERSION = YES;
				CLANG_WARN_DEPRECATED_OBJC_IMPLEMENTATIONS = YES;
				CLANG_WARN_DIRECT_OBJC_ISA_USAGE = YES_ERROR;
				CLANG_WARN_DOCUMENTATION_COMMENTS = YES;
				CLANG_WARN_EMPTY_BODY = YES;
				CLANG_WARN_ENUM_CONVERSION = YES;
				CLANG_WARN_INFINITE_RECURSION = YES;
				CLANG_WARN_INT_CONVERSION = YES;
				CLANG_WARN_NON_LITERAL_NULL_CONVERSION = YES;
				CLANG_WARN_OBJC_IMPLICIT_RETAIN_SELF = YES;
				CLANG_WARN_OBJC_LITERAL_CONVERSION = YES;
				CLANG_WARN_OBJC_ROOT_CLASS = YES_ERROR;
				CLANG_WARN_QUOTED_INCLUDE_IN_FRAMEWORK_HEADER = YES;
				CLANG_WARN_RANGE_LOOP_ANALYSIS = YES;
				CLANG_WARN_STRICT_PROTOTYPES = YES;
				CLANG_WARN_SUSPICIOUS_MOVE = YES;
				CLANG_WARN_UNGUARDED_AVAILABILITY = YES_AGGRESSIVE;
				CLANG_WARN_UNREACHABLE_CODE = YES;
				CLANG_WARN__DUPLICATE_METHOD_MATCH = YES;
				COPY_PHASE_STRIP = NO;
				DEBUG_INFORMATION_FORMAT = "dwarf-with-dsym";
				ENABLE_NS_ASSERTIONS = NO;
				ENABLE_STRICT_OBJC_MSGSEND = YES;
				GCC_C_LANGUAGE_STANDARD = gnu11;
				GCC_NO_COMMON_BLOCKS = YES;
				GCC_WARN_64_TO_32_BIT_CONVERSION = YES;
				GCC_WARN_ABOUT_RETURN_TYPE = YES_ERROR;
				GCC_WARN_UNDECLARED_SELECTOR = YES;
				GCC_WARN_UNINITIALIZED_AUTOS = YES_AGGRESSIVE;
				GCC_WARN_UNUSED_FUNCTION = YES;
				GCC_WARN_UNUSED_VARIABLE = YES;
				IPHONEOS_DEPLOYMENT_TARGET = 14.4;
				MTL_ENABLE_DEBUG_INFO = NO;
				MTL_FAST_MATH = YES;
				SDKROOT = iphoneos;
				SWIFT_COMPILATION_MODE = wholemodule;
				SWIFT_OPTIMIZATION_LEVEL = "-O";
				VALIDATE_PRODUCT = YES;
			};
			name = Release;
		};
		186E5F1D2716F25E00CF2229 /* Debug */ = {
			isa = XCBuildConfiguration;
			buildSettings = {
				ASSETCATALOG_COMPILER_APPICON_NAME = AppIcon;
				ASSETCATALOG_COMPILER_GLOBAL_ACCENT_COLOR_NAME = AccentColor;
				CODE_SIGN_STYLE = Automatic;
				INFOPLIST_FILE = CustomAlertView/Info.plist;
				LD_RUNPATH_SEARCH_PATHS = (
					"$(inherited)",
					"@executable_path/Frameworks",
				);
				PRODUCT_BUNDLE_IDENTIFIER = com.akshay.CustomAlertView;
				PRODUCT_NAME = "$(TARGET_NAME)";
				SWIFT_VERSION = 5.0;
				TARGETED_DEVICE_FAMILY = "1,2";
			};
			name = Debug;
		};
		186E5F1E2716F25E00CF2229 /* Release */ = {
			isa = XCBuildConfiguration;
			buildSettings = {
				ASSETCATALOG_COMPILER_APPICON_NAME = AppIcon;
				ASSETCATALOG_COMPILER_GLOBAL_ACCENT_COLOR_NAME = AccentColor;
				CODE_SIGN_STYLE = Automatic;
				INFOPLIST_FILE = CustomAlertView/Info.plist;
				LD_RUNPATH_SEARCH_PATHS = (
					"$(inherited)",
					"@executable_path/Frameworks",
				);
				PRODUCT_BUNDLE_IDENTIFIER = com.akshay.CustomAlertView;
				PRODUCT_NAME = "$(TARGET_NAME)";
				SWIFT_VERSION = 5.0;
				TARGETED_DEVICE_FAMILY = "1,2";
			};
			name = Release;
		};
		186E5F202716F25E00CF2229 /* Debug */ = {
			isa = XCBuildConfiguration;
			buildSettings = {
				ALWAYS_EMBED_SWIFT_STANDARD_LIBRARIES = YES;
				BUNDLE_LOADER = "$(TEST_HOST)";
				CODE_SIGN_STYLE = Automatic;
				INFOPLIST_FILE = CustomAlertViewTests/Info.plist;
				IPHONEOS_DEPLOYMENT_TARGET = 14.4;
				LD_RUNPATH_SEARCH_PATHS = (
					"$(inherited)",
					"@executable_path/Frameworks",
					"@loader_path/Frameworks",
				);
				PRODUCT_BUNDLE_IDENTIFIER = com.akshay.CustomAlertViewTests;
				PRODUCT_NAME = "$(TARGET_NAME)";
				SWIFT_VERSION = 5.0;
				TARGETED_DEVICE_FAMILY = "1,2";
				TEST_HOST = "$(BUILT_PRODUCTS_DIR)/CustomAlertView.app/CustomAlertView";
			};
			name = Debug;
		};
		186E5F212716F25E00CF2229 /* Release */ = {
			isa = XCBuildConfiguration;
			buildSettings = {
				ALWAYS_EMBED_SWIFT_STANDARD_LIBRARIES = YES;
				BUNDLE_LOADER = "$(TEST_HOST)";
				CODE_SIGN_STYLE = Automatic;
				INFOPLIST_FILE = CustomAlertViewTests/Info.plist;
				IPHONEOS_DEPLOYMENT_TARGET = 14.4;
				LD_RUNPATH_SEARCH_PATHS = (
					"$(inherited)",
					"@executable_path/Frameworks",
					"@loader_path/Frameworks",
				);
				PRODUCT_BUNDLE_IDENTIFIER = com.akshay.CustomAlertViewTests;
				PRODUCT_NAME = "$(TARGET_NAME)";
				SWIFT_VERSION = 5.0;
				TARGETED_DEVICE_FAMILY = "1,2";
				TEST_HOST = "$(BUILT_PRODUCTS_DIR)/CustomAlertView.app/CustomAlertView";
			};
			name = Release;
		};
		186E5F232716F25E00CF2229 /* Debug */ = {
			isa = XCBuildConfiguration;
			buildSettings = {
				ALWAYS_EMBED_SWIFT_STANDARD_LIBRARIES = YES;
				CODE_SIGN_STYLE = Automatic;
				INFOPLIST_FILE = CustomAlertViewUITests/Info.plist;
				LD_RUNPATH_SEARCH_PATHS = (
					"$(inherited)",
					"@executable_path/Frameworks",
					"@loader_path/Frameworks",
				);
				PRODUCT_BUNDLE_IDENTIFIER = com.akshay.CustomAlertViewUITests;
				PRODUCT_NAME = "$(TARGET_NAME)";
				SWIFT_VERSION = 5.0;
				TARGETED_DEVICE_FAMILY = "1,2";
				TEST_TARGET_NAME = CustomAlertView;
			};
			name = Debug;
		};
		186E5F242716F25E00CF2229 /* Release */ = {
			isa = XCBuildConfiguration;
			buildSettings = {
				ALWAYS_EMBED_SWIFT_STANDARD_LIBRARIES = YES;
				CODE_SIGN_STYLE = Automatic;
				INFOPLIST_FILE = CustomAlertViewUITests/Info.plist;
				LD_RUNPATH_SEARCH_PATHS = (
					"$(inherited)",
					"@executable_path/Frameworks",
					"@loader_path/Frameworks",
				);
				PRODUCT_BUNDLE_IDENTIFIER = com.akshay.CustomAlertViewUITests;
				PRODUCT_NAME = "$(TARGET_NAME)";
				SWIFT_VERSION = 5.0;
				TARGETED_DEVICE_FAMILY = "1,2";
				TEST_TARGET_NAME = CustomAlertView;
			};
			name = Release;
		};
/* End XCBuildConfiguration section */

/* Begin XCConfigurationList section */
		186E5EED2716F25B00CF2229 /* Build configuration list for PBXProject "CustomAlertView" */ = {
			isa = XCConfigurationList;
			buildConfigurations = (
				186E5F1A2716F25E00CF2229 /* Debug */,
				186E5F1B2716F25E00CF2229 /* Release */,
			);
			defaultConfigurationIsVisible = 0;
			defaultConfigurationName = Release;
		};
		186E5F1C2716F25E00CF2229 /* Build configuration list for PBXNativeTarget "CustomAlertView" */ = {
			isa = XCConfigurationList;
			buildConfigurations = (
				186E5F1D2716F25E00CF2229 /* Debug */,
				186E5F1E2716F25E00CF2229 /* Release */,
			);
			defaultConfigurationIsVisible = 0;
			defaultConfigurationName = Release;
		};
		186E5F1F2716F25E00CF2229 /* Build configuration list for PBXNativeTarget "CustomAlertViewTests" */ = {
			isa = XCConfigurationList;
			buildConfigurations = (
				186E5F202716F25E00CF2229 /* Debug */,
				186E5F212716F25E00CF2229 /* Release */,
			);
			defaultConfigurationIsVisible = 0;
			defaultConfigurationName = Release;
		};
		186E5F222716F25E00CF2229 /* Build configuration list for PBXNativeTarget "CustomAlertViewUITests" */ = {
			isa = XCConfigurationList;
			buildConfigurations = (
				186E5F232716F25E00CF2229 /* Debug */,
				186E5F242716F25E00CF2229 /* Release */,
			);
			defaultConfigurationIsVisible = 0;
			defaultConfigurationName = Release;
		};
/* End XCConfigurationList section */
	};
	rootObject = 186E5EEA2716F25B00CF2229 /* Project object */;
}
